<?xml version="1.0" encoding="UTF-8" standalone="yes" ?>
<CodeBlocks_project_file>
	<FileVersion major="1" minor="6" />
	<Project>
		<Option title="Dora" />
		<Option pch_mode="2" />
		<Option compiler="gcc" />
		<Build>
			<Target title="Debug">
				<Option output="bin/Debug/Dora" prefix_auto="1" extension_auto="1" />
				<Option object_output="obj/Debug/" />
				<Option type="1" />
				<Option compiler="gcc" />
				<Option parameters='&quot;~/Documents/3A/proj2/Dora/data/MKP-Instances/_mknapcb1_res.txt&quot;' />
				<Compiler>
					<Add option="-std=c99" />
					<Add option="-g" />
				</Compiler>
			</Target>
			<Target title="Release">
				<Option output="bin/Release/Dora" prefix_auto="1" extension_auto="1" />
				<Option object_output="obj/Release/" />
				<Option type="1" />
				<Option compiler="gcc" />
				<Compiler>
					<Add option="-O2" />
				</Compiler>
				<Linker>
					<Add option="-s" />
				</Linker>
			</Target>
		</Build>
		<Compiler>
			<Add option="-Wall" />
		</Compiler>
		<Unit filename="Dora.depend" />
		<Unit filename="cmd.h" />
		<Unit filename="codage.c">
			<Option compilerVar="CC" />
		</Unit>
		<Unit filename="codage.h" />
		<Unit filename="data/MKP-Instances/BestResultsKnown.txt" />
		<Unit filename="data/MKP-Instances/README.txt" />
		<Unit filename="data/MKP-Instances/_mknapcb1_res.txt" />
		<Unit filename="data/MKP-Instances/_mknapcb2_res.txt" />
		<Unit filename="data/MKP-Instances/_mknapcb3_res.txt" />
		<Unit filename="data/MKP-Instances/_mknapcb4_res.txt" />
		<Unit filename="data/MKP-Instances/_mknapcb5_res.txt" />
		<Unit filename="data/MKP-Instances/_mknapcb6_res.txt" />
		<Unit filename="data/MKP-Instances/_mknapcb7_res.txt" />
		<Unit filename="data/MKP-Instances/_mknapcb8_res.txt" />
		<Unit filename="data/MKP-Instances/_mknapcb9_res.txt" />
		<Unit filename="heuristiques.c">
			<Option compilerVar="CC" />
		</Unit>
		<Unit filename="heuristiques.h" />
		<Unit filename="instance.c">
			<Option compilerVar="CC" />
		</Unit>
		<Unit filename="instance.h" />
		<Unit filename="main.c">
			<Option compilerVar="CC" />
		</Unit>
		<Unit filename="parser.h" />
		<Unit filename="parseur.c">
			<Option compilerVar="CC" />
		</Unit>
		<Unit filename="parseur.h" />
		<Unit filename="sortie.c">
			<Option compilerVar="CC" />
		</Unit>
		<Unit filename="sortie.h" />
		<Unit filename="test.txt" />
		<Extensions>
			<envvars />
			<code_completion />
			<debugger />
		</Extensions>
	</Project>
</CodeBlocks_project_file>
